
Microsoft Visual Studio Solution File, Format Version 12.00
# Visual Studio Version 17
VisualStudioVersion = 17.13.35723.152
MinimumVisualStudioVersion = 10.0.40219.1
Project("{2150E333-8FDC-42A3-9474-1A3956D46DE8}") = "Services", "Services", "{02EA681E-C7D8-13C7-8484-4AC65E1B71E8}"
EndProject
Project("{2150E333-8FDC-42A3-9474-1A3956D46DE8}") = "Catalog", "Catalog", "{0281A580-D3D6-4540-971C-52355893A4DC}"
EndProject
Project("{FAE04EC0-301F-11D3-BF4B-00C04F79EFBC}") = "Catalog.API", "Services\Catalog\Catalog.API\Catalog.API.csproj", "{EE5B2EB5-F826-4EFA-BD2A-4EDFBAB0533D}"
EndProject
Project("{2150E333-8FDC-42A3-9474-1A3956D46DE8}") = "BuildingBlocks", "BuildingBlocks", "{A6491ED5-06C6-460C-849C-923B03EC3D89}"
EndProject
Project("{FAE04EC0-301F-11D3-BF4B-00C04F79EFBC}") = "BuildingBlocks", "BuildingBlocks\BuildingBlocks\BuildingBlocks.csproj", "{FD332343-2913-4A7E-95B3-A34729DEB092}"
EndProject
Project("{E53339B2-1760-4266-BCC7-CA923CBCF16C}") = "docker-compose", "docker-compose.dcproj", "{81DDED9D-158B-E303-5F62-77A2896D2A5A}"
EndProject
Project("{2150E333-8FDC-42A3-9474-1A3956D46DE8}") = "Basket", "Basket", "{ABF58865-35DD-4E9A-AA2F-078538EE9840}"
EndProject
Project("{FAE04EC0-301F-11D3-BF4B-00C04F79EFBC}") = "Basket.API", "Services\Basket\Basket.API\Basket.API.csproj", "{C6018087-8128-4FBA-8B45-CD19792DCD66}"
EndProject
Project("{2150E333-8FDC-42A3-9474-1A3956D46DE8}") = "Discount", "Discount", "{93FEBB43-07A4-4F5D-B319-AECF417A05E0}"
EndProject
Project("{FAE04EC0-301F-11D3-BF4B-00C04F79EFBC}") = "Discount.Grpc", "Services\Discount\Discount.Grpc\Discount.Grpc.csproj", "{A0CCAE2F-FD22-4B0A-8D6C-3665D5249169}"
EndProject
Project("{2150E333-8FDC-42A3-9474-1A3956D46DE8}") = "Ordering", "Ordering", "{3D149237-7C5C-441B-BA56-58B2B2C5736F}"
EndProject
Project("{FAE04EC0-301F-11D3-BF4B-00C04F79EFBC}") = "Ordering.API", "Services\Ordering\Ordering.API\Ordering.API.csproj", "{2FB4590F-FE38-48DF-928B-5E439BD7DB21}"
EndProject
Project("{FAE04EC0-301F-11D3-BF4B-00C04F79EFBC}") = "Ordering.Domain", "Services\Ordering\Ordering.Domain\Ordering.Domain.csproj", "{57A91427-455E-4FBC-912F-75980A84279C}"
EndProject
Project("{FAE04EC0-301F-11D3-BF4B-00C04F79EFBC}") = "Ordering.Application", "Services\Ordering\Order.Application\Ordering.Application.csproj", "{A8DA963D-05F4-470B-AABE-AB35FA23B9A6}"
EndProject
Project("{FAE04EC0-301F-11D3-BF4B-00C04F79EFBC}") = "Ordering.Infrastructure", "Services\Ordering\Ordering.Infrastructure\Ordering.Infrastructure.csproj", "{A17498FD-DBAA-41F3-91F4-5844B312FBFA}"
EndProject
Project("{FAE04EC0-301F-11D3-BF4B-00C04F79EFBC}") = "BuildingBlocks.Messaging", "BuildingBlocks\BuildingBlocks.Messaging\BuildingBlocks.Messaging.csproj", "{46A8F74C-FE38-49E9-AF25-378A6BA80A77}"
EndProject
Project("{2150E333-8FDC-42A3-9474-1A3956D46DE8}") = "ApiGateways", "ApiGateways", "{3010DC44-69C3-4204-B671-772A86F17D8F}"
EndProject
Project("{FAE04EC0-301F-11D3-BF4B-00C04F79EFBC}") = "YarpApiGateway", "ApiGateways\YarpApiGateway\YarpApiGateway.csproj", "{ADCEA351-4208-4B45-B4DE-79F9295E1E39}"
EndProject
Global
	GlobalSection(SolutionConfigurationPlatforms) = preSolution
		Debug|Any CPU = Debug|Any CPU
		Release|Any CPU = Release|Any CPU
	EndGlobalSection
	GlobalSection(ProjectConfigurationPlatforms) = postSolution
		{EE5B2EB5-F826-4EFA-BD2A-4EDFBAB0533D}.Debug|Any CPU.ActiveCfg = Debug|Any CPU
		{EE5B2EB5-F826-4EFA-BD2A-4EDFBAB0533D}.Debug|Any CPU.Build.0 = Debug|Any CPU
		{EE5B2EB5-F826-4EFA-BD2A-4EDFBAB0533D}.Release|Any CPU.ActiveCfg = Release|Any CPU
		{EE5B2EB5-F826-4EFA-BD2A-4EDFBAB0533D}.Release|Any CPU.Build.0 = Release|Any CPU
		{FD332343-2913-4A7E-95B3-A34729DEB092}.Debug|Any CPU.ActiveCfg = Debug|Any CPU
		{FD332343-2913-4A7E-95B3-A34729DEB092}.Debug|Any CPU.Build.0 = Debug|Any CPU
		{FD332343-2913-4A7E-95B3-A34729DEB092}.Release|Any CPU.ActiveCfg = Release|Any CPU
		{FD332343-2913-4A7E-95B3-A34729DEB092}.Release|Any CPU.Build.0 = Release|Any CPU
		{81DDED9D-158B-E303-5F62-77A2896D2A5A}.Debug|Any CPU.ActiveCfg = Debug|Any CPU
		{81DDED9D-158B-E303-5F62-77A2896D2A5A}.Debug|Any CPU.Build.0 = Debug|Any CPU
		{81DDED9D-158B-E303-5F62-77A2896D2A5A}.Release|Any CPU.ActiveCfg = Release|Any CPU
		{81DDED9D-158B-E303-5F62-77A2896D2A5A}.Release|Any CPU.Build.0 = Release|Any CPU
		{C6018087-8128-4FBA-8B45-CD19792DCD66}.Debug|Any CPU.ActiveCfg = Debug|Any CPU
		{C6018087-8128-4FBA-8B45-CD19792DCD66}.Debug|Any CPU.Build.0 = Debug|Any CPU
		{C6018087-8128-4FBA-8B45-CD19792DCD66}.Release|Any CPU.ActiveCfg = Release|Any CPU
		{C6018087-8128-4FBA-8B45-CD19792DCD66}.Release|Any CPU.Build.0 = Release|Any CPU
		{A0CCAE2F-FD22-4B0A-8D6C-3665D5249169}.Debug|Any CPU.ActiveCfg = Debug|Any CPU
		{A0CCAE2F-FD22-4B0A-8D6C-3665D5249169}.Debug|Any CPU.Build.0 = Debug|Any CPU
		{A0CCAE2F-FD22-4B0A-8D6C-3665D5249169}.Release|Any CPU.ActiveCfg = Release|Any CPU
		{A0CCAE2F-FD22-4B0A-8D6C-3665D5249169}.Release|Any CPU.Build.0 = Release|Any CPU
		{2FB4590F-FE38-48DF-928B-5E439BD7DB21}.Debug|Any CPU.ActiveCfg = Debug|Any CPU
		{2FB4590F-FE38-48DF-928B-5E439BD7DB21}.Debug|Any CPU.Build.0 = Debug|Any CPU
		{2FB4590F-FE38-48DF-928B-5E439BD7DB21}.Release|Any CPU.ActiveCfg = Release|Any CPU
		{2FB4590F-FE38-48DF-928B-5E439BD7DB21}.Release|Any CPU.Build.0 = Release|Any CPU
		{57A91427-455E-4FBC-912F-75980A84279C}.Debug|Any CPU.ActiveCfg = Debug|Any CPU
		{57A91427-455E-4FBC-912F-75980A84279C}.Debug|Any CPU.Build.0 = Debug|Any CPU
		{57A91427-455E-4FBC-912F-75980A84279C}.Release|Any CPU.ActiveCfg = Release|Any CPU
		{57A91427-455E-4FBC-912F-75980A84279C}.Release|Any CPU.Build.0 = Release|Any CPU
		{A8DA963D-05F4-470B-AABE-AB35FA23B9A6}.Debug|Any CPU.ActiveCfg = Debug|Any CPU
		{A8DA963D-05F4-470B-AABE-AB35FA23B9A6}.Debug|Any CPU.Build.0 = Debug|Any CPU
		{A8DA963D-05F4-470B-AABE-AB35FA23B9A6}.Release|Any CPU.ActiveCfg = Release|Any CPU
		{A8DA963D-05F4-470B-AABE-AB35FA23B9A6}.Release|Any CPU.Build.0 = Release|Any CPU
		{A17498FD-DBAA-41F3-91F4-5844B312FBFA}.Debug|Any CPU.ActiveCfg = Debug|Any CPU
		{A17498FD-DBAA-41F3-91F4-5844B312FBFA}.Debug|Any CPU.Build.0 = Debug|Any CPU
		{A17498FD-DBAA-41F3-91F4-5844B312FBFA}.Release|Any CPU.ActiveCfg = Release|Any CPU
		{A17498FD-DBAA-41F3-91F4-5844B312FBFA}.Release|Any CPU.Build.0 = Release|Any CPU
		{46A8F74C-FE38-49E9-AF25-378A6BA80A77}.Debug|Any CPU.ActiveCfg = Debug|Any CPU
		{46A8F74C-FE38-49E9-AF25-378A6BA80A77}.Debug|Any CPU.Build.0 = Debug|Any CPU
		{46A8F74C-FE38-49E9-AF25-378A6BA80A77}.Release|Any CPU.ActiveCfg = Release|Any CPU
		{46A8F74C-FE38-49E9-AF25-378A6BA80A77}.Release|Any CPU.Build.0 = Release|Any CPU
		{ADCEA351-4208-4B45-B4DE-79F9295E1E39}.Debug|Any CPU.ActiveCfg = Debug|Any CPU
		{ADCEA351-4208-4B45-B4DE-79F9295E1E39}.Debug|Any CPU.Build.0 = Debug|Any CPU
		{ADCEA351-4208-4B45-B4DE-79F9295E1E39}.Release|Any CPU.ActiveCfg = Release|Any CPU
		{ADCEA351-4208-4B45-B4DE-79F9295E1E39}.Release|Any CPU.Build.0 = Release|Any CPU
	EndGlobalSection
	GlobalSection(SolutionProperties) = preSolution
		HideSolutionNode = FALSE
	EndGlobalSection
	GlobalSection(NestedProjects) = preSolution
		{0281A580-D3D6-4540-971C-52355893A4DC} = {02EA681E-C7D8-13C7-8484-4AC65E1B71E8}
		{EE5B2EB5-F826-4EFA-BD2A-4EDFBAB0533D} = {0281A580-D3D6-4540-971C-52355893A4DC}
		{FD332343-2913-4A7E-95B3-A34729DEB092} = {A6491ED5-06C6-460C-849C-923B03EC3D89}
		{ABF58865-35DD-4E9A-AA2F-078538EE9840} = {02EA681E-C7D8-13C7-8484-4AC65E1B71E8}
		{C6018087-8128-4FBA-8B45-CD19792DCD66} = {ABF58865-35DD-4E9A-AA2F-078538EE9840}
		{93FEBB43-07A4-4F5D-B319-AECF417A05E0} = {02EA681E-C7D8-13C7-8484-4AC65E1B71E8}
		{A0CCAE2F-FD22-4B0A-8D6C-3665D5249169} = {93FEBB43-07A4-4F5D-B319-AECF417A05E0}
		{3D149237-7C5C-441B-BA56-58B2B2C5736F} = {02EA681E-C7D8-13C7-8484-4AC65E1B71E8}
		{2FB4590F-FE38-48DF-928B-5E439BD7DB21} = {3D149237-7C5C-441B-BA56-58B2B2C5736F}
		{57A91427-455E-4FBC-912F-75980A84279C} = {3D149237-7C5C-441B-BA56-58B2B2C5736F}
		{A8DA963D-05F4-470B-AABE-AB35FA23B9A6} = {3D149237-7C5C-441B-BA56-58B2B2C5736F}
		{A17498FD-DBAA-41F3-91F4-5844B312FBFA} = {3D149237-7C5C-441B-BA56-58B2B2C5736F}
		{46A8F74C-FE38-49E9-AF25-378A6BA80A77} = {A6491ED5-06C6-460C-849C-923B03EC3D89}
		{ADCEA351-4208-4B45-B4DE-79F9295E1E39} = {3010DC44-69C3-4204-B671-772A86F17D8F}
	EndGlobalSection
	GlobalSection(ExtensibilityGlobals) = postSolution
		SolutionGuid = {8B0FEFB0-274E-455C-92D5-D4426F171AD1}
	EndGlobalSection
EndGlobal
